{
  "name": "nats-typescript",
  "version": "0.1.0",
  "lockfileVersion": 1,
  "requires": true,
  "dependencies": {
    "nats": {
      "version": "0.8.4",
      "resolved": "https://registry.npmjs.org/nats/-/nats-0.8.4.tgz",
      "integrity": "sha512-SPhyRf71dw6BXPToDgbbBLpixzkVSV2F32dJm+L0DP6/pc/HBkyXD9eRYgJr5tpBD75YN84r86s2ZRDtzKG8Vw==",
      "requires": {
        "nuid": "0.6.14"
      }
    },
    "nuid": {
      "version": "0.6.14",
      "resolved": "https://registry.npmjs.org/nuid/-/nuid-0.6.14.tgz",
      "integrity": "sha1-oiXItyDkbFY62NE2QTaGafbCW0g="
    }
  }
}
